
Microsoft Visual Studio Solution File, Format Version 12.00
# Visual Studio Version 17
VisualStudioVersion = 17.5.33516.290
MinimumVisualStudioVersion = 10.0.40219.1
Project("{FAE04EC0-301F-11D3-BF4B-00C04F79EFBC}") = "PraticasComArquivos", "PraticasComArquivos\PraticasComArquivos.csproj", "{1C77347E-BE96-479A-B293-853004888FF1}"
EndProject
Global
	GlobalSection(SolutionConfigurationPlatforms) = preSolution
		Debug|Any CPU = Debug|Any CPU
		Release|Any CPU = Release|Any CPU
	EndGlobalSection
	GlobalSection(ProjectConfigurationPlatforms) = postSolution
		{1C77347E-BE96-479A-B293-853004888FF1}.Debug|Any CPU.ActiveCfg = Debug|Any CPU
		{1C77347E-BE96-479A-B293-853004888FF1}.Debug|Any CPU.Build.0 = Debug|Any CPU
		{1C77347E-BE96-479A-B293-853004888FF1}.Release|Any CPU.ActiveCfg = Release|Any CPU
		{1C77347E-BE96-479A-B293-853004888FF1}.Release|Any CPU.Build.0 = Release|Any CPU
	EndGlobalSection
	GlobalSection(SolutionProperties) = preSolution
		HideSolutionNode = FALSE
	EndGlobalSection
	GlobalSection(ExtensibilityGlobals) = postSolution
		SolutionGuid = {E44E7732-84A9-41AD-809F-0C893C51C285}
	EndGlobalSection
EndGlobal
