
Microsoft Visual Studio Solution File, Format Version 12.00
# Visual Studio Version 16
VisualStudioVersion = 16.0.33529.622
MinimumVisualStudioVersion = 10.0.40219.1
Project("{FAE04EC0-301F-11D3-BF4B-00C04F79EFBC}") = "TestandoHangFire", "TestandoHangFire\TestandoHangFire.csproj", "{2065A786-511D-4018-B3A8-BF9FB6BDD752}"
EndProject
Global
	GlobalSection(SolutionConfigurationPlatforms) = preSolution
		Debug|Any CPU = Debug|Any CPU
		Release|Any CPU = Release|Any CPU
	EndGlobalSection
	GlobalSection(ProjectConfigurationPlatforms) = postSolution
		{2065A786-511D-4018-B3A8-BF9FB6BDD752}.Debug|Any CPU.ActiveCfg = Debug|Any CPU
		{2065A786-511D-4018-B3A8-BF9FB6BDD752}.Debug|Any CPU.Build.0 = Debug|Any CPU
		{2065A786-511D-4018-B3A8-BF9FB6BDD752}.Release|Any CPU.ActiveCfg = Release|Any CPU
		{2065A786-511D-4018-B3A8-BF9FB6BDD752}.Release|Any CPU.Build.0 = Release|Any CPU
	EndGlobalSection
	GlobalSection(SolutionProperties) = preSolution
		HideSolutionNode = FALSE
	EndGlobalSection
	GlobalSection(ExtensibilityGlobals) = postSolution
		SolutionGuid = {1766DA94-88B8-4926-8F1F-14B6DB72BF92}
	EndGlobalSection
EndGlobal
